
Microsoft Visual Studio Solution File, Format Version 12.00
# Visual Studio Version 17
VisualStudioVersion = 17.4.33110.190
MinimumVisualStudioVersion = 10.0.40219.1
Project("{FAE04EC0-301F-11D3-BF4B-00C04F79EFBC}") = "Week7codingAsp.net", "Week7codingAsp.net\Week7codingAsp.net.csproj", "{6BADE934-8CD9-4C85-8A9A-4AA83B0A71F0}"
EndProject
Global
	GlobalSection(SolutionConfigurationPlatforms) = preSolution
		Debug|Any CPU = Debug|Any CPU
		Release|Any CPU = Release|Any CPU
	EndGlobalSection
	GlobalSection(ProjectConfigurationPlatforms) = postSolution
		{6BADE934-8CD9-4C85-8A9A-4AA83B0A71F0}.Debug|Any CPU.ActiveCfg = Debug|Any CPU
		{6BADE934-8CD9-4C85-8A9A-4AA83B0A71F0}.Debug|Any CPU.Build.0 = Debug|Any CPU
		{6BADE934-8CD9-4C85-8A9A-4AA83B0A71F0}.Release|Any CPU.ActiveCfg = Release|Any CPU
		{6BADE934-8CD9-4C85-8A9A-4AA83B0A71F0}.Release|Any CPU.Build.0 = Release|Any CPU
	EndGlobalSection
	GlobalSection(SolutionProperties) = preSolution
		HideSolutionNode = FALSE
	EndGlobalSection
	GlobalSection(ExtensibilityGlobals) = postSolution
		SolutionGuid = {05053657-2C60-47D5-8FFA-E3DFAF2F5BF1}
	EndGlobalSection
EndGlobal
